PODS:
  - Flutter (1.0.0)
  - geocoding_ios (1.0.5):
    - Flutter

DEPENDENCIES:
  - Flutter (from `Flutter`)
  - geocoding_ios (from `.symlinks/plugins/geocoding_ios/ios`)

EXTERNAL SOURCES:
  Flutter:
    :path: Flutter
  geocoding_ios:
    :path: ".symlinks/plugins/geocoding_ios/ios"

SPEC CHECKSUMS:
  Flutter: 71a624a5bc0c04062bf19101d501e466baf2fb47
  geocoding_ios: 86f1c479822f07a2f79f7094f2b753d1e9e20215

PODFILE CHECKSUM: 16fded38f0aa7bc6a73f6c6164c3b205ffa2c869

COCOAPODS: 1.17.0
